// !$*UTF8*$!
{
	archiveVersion = 1;
	classes = {
	};
	objectVersion = 56;
	objects = {

/* Begin PBXBuildFile section */
		52510BC12C380A6700DA59C8 /* AppDelegate.swift in Sources */ = {isa = PBXBuildFile; fileRef = 52510BC02C380A6700DA59C8 /* AppDelegate.swift */; };
		52510BC32C380A6700DA59C8 /* SceneDelegate.swift in Sources */ = {isa = PBXBuildFile; fileRef = 52510BC22C380A6700DA59C8 /* SceneDelegate.swift */; };
		52510BC52C380A6700DA59C8 /* RMTabViewController.swift in Sources */ = {isa = PBXBuildFile; fileRef = 52510BC42C380A6700DA59C8 /* RMTabViewController.swift */; };
		52510BCA2C380A6900DA59C8 /* Assets.xcassets in Resources */ = {isa = PBXBuildFile; fileRef = 52510BC92C380A6900DA59C8 /* Assets.xcassets */; };
		52510BCD2C380A6900DA59C8 /* Base in Resources */ = {isa = PBXBuildFile; fileRef = 52510BCC2C380A6900DA59C8 /* Base */; };
		52510BDC2C38101100DA59C8 /* RMLacation.swift in Sources */ = {isa = PBXBuildFile; fileRef = 52510BDB2C38101100DA59C8 /* RMLacation.swift */; };
		52510BDE2C38102300DA59C8 /* RMCharacter.swift in Sources */ = {isa = PBXBuildFile; fileRef = 52510BDD2C38102300DA59C8 /* RMCharacter.swift */; };
		52510BE02C38103200DA59C8 /* RMEpisode.swift in Sources */ = {isa = PBXBuildFile; fileRef = 52510BDF2C38103200DA59C8 /* RMEpisode.swift */; };
		52510BE32C39BBB500DA59C8 /* RMCharacterViewController.swift in Sources */ = {isa = PBXBuildFile; fileRef = 52510BE22C39BBB500DA59C8 /* RMCharacterViewController.swift */; };
		52510BE52C39BC1600DA59C8 /* RMLocationViewController.swift in Sources */ = {isa = PBXBuildFile; fileRef = 52510BE42C39BC1600DA59C8 /* RMLocationViewController.swift */; };
		52510BE72C39BC2B00DA59C8 /* RMEpisodeViewController.swift in Sources */ = {isa = PBXBuildFile; fileRef = 52510BE62C39BC2B00DA59C8 /* RMEpisodeViewController.swift */; };
		52510BE92C39BC4600DA59C8 /* RMSettingsViewController.swift in Sources */ = {isa = PBXBuildFile; fileRef = 52510BE82C39BC4600DA59C8 /* RMSettingsViewController.swift */; };
/* End PBXBuildFile section */

/* Begin PBXFileReference section */
		52510BBD2C380A6700DA59C8 /* DataStorageTraining.app */ = {isa = PBXFileReference; explicitFileType = wrapper.application; includeInIndex = 0; path = DataStorageTraining.app; sourceTree = BUILT_PRODUCTS_DIR; };
		52510BC02C380A6700DA59C8 /* AppDelegate.swift */ = {isa = PBXFileReference; lastKnownFileType = sourcecode.swift; path = AppDelegate.swift; sourceTree = "<group>"; };
		52510BC22C380A6700DA59C8 /* SceneDelegate.swift */ = {isa = PBXFileReference; lastKnownFileType = sourcecode.swift; path = SceneDelegate.swift; sourceTree = "<group>"; };
		52510BC42C380A6700DA59C8 /* RMTabViewController.swift */ = {isa = PBXFileReference; lastKnownFileType = sourcecode.swift; path = RMTabViewController.swift; sourceTree = "<group>"; };
		52510BC92C380A6900DA59C8 /* Assets.xcassets */ = {isa = PBXFileReference; lastKnownFileType = folder.assetcatalog; path = Assets.xcassets; sourceTree = "<group>"; };
		52510BCC2C380A6900DA59C8 /* Base */ = {isa = PBXFileReference; lastKnownFileType = file.storyboard; name = Base; path = Base.lproj/LaunchScreen.storyboard; sourceTree = "<group>"; };
		52510BCE2C380A6900DA59C8 /* Info.plist */ = {isa = PBXFileReference; lastKnownFileType = text.plist.xml; path = Info.plist; sourceTree = "<group>"; };
		52510BDB2C38101100DA59C8 /* RMLacation.swift */ = {isa = PBXFileReference; lastKnownFileType = sourcecode.swift; path = RMLacation.swift; sourceTree = "<group>"; };
		52510BDD2C38102300DA59C8 /* RMCharacter.swift */ = {isa = PBXFileReference; lastKnownFileType = sourcecode.swift; path = RMCharacter.swift; sourceTree = "<group>"; };
		52510BDF2C38103200DA59C8 /* RMEpisode.swift */ = {isa = PBXFileReference; lastKnownFileType = sourcecode.swift; path = RMEpisode.swift; sourceTree = "<group>"; };
		52510BE22C39BBB500DA59C8 /* RMCharacterViewController.swift */ = {isa = PBXFileReference; lastKnownFileType = sourcecode.swift; path = RMCharacterViewController.swift; sourceTree = "<group>"; };
		52510BE42C39BC1600DA59C8 /* RMLocationViewController.swift */ = {isa = PBXFileReference; lastKnownFileType = sourcecode.swift; path = RMLocationViewController.swift; sourceTree = "<group>"; };
		52510BE62C39BC2B00DA59C8 /* RMEpisodeViewController.swift */ = {isa = PBXFileReference; lastKnownFileType = sourcecode.swift; path = RMEpisodeViewController.swift; sourceTree = "<group>"; };
		52510BE82C39BC4600DA59C8 /* RMSettingsViewController.swift */ = {isa = PBXFileReference; lastKnownFileType = sourcecode.swift; path = RMSettingsViewController.swift; sourceTree = "<group>"; };
/* End PBXFileReference section */

/* Begin PBXFrameworksBuildPhase section */
		52510BBA2C380A6700DA59C8 /* Frameworks */ = {
			isa = PBXFrameworksBuildPhase;
			buildActionMask = 2147483647;
			files = (
			);
			runOnlyForDeploymentPostprocessing = 0;
		};
/* End PBXFrameworksBuildPhase section */

/* Begin PBXGroup section */
		52510BB42C380A6700DA59C8 = {
			isa = PBXGroup;
			children = (
				52510BBF2C380A6700DA59C8 /* DataStorageTraining */,
				52510BBE2C380A6700DA59C8 /* Products */,
			);
			sourceTree = "<group>";
		};
		52510BBE2C380A6700DA59C8 /* Products */ = {
			isa = PBXGroup;
			children = (
				52510BBD2C380A6700DA59C8 /* DataStorageTraining.app */,
			);
			name = Products;
			sourceTree = "<group>";
		};
		52510BBF2C380A6700DA59C8 /* DataStorageTraining */ = {
			isa = PBXGroup;
			children = (
				52510BDA2C380CFC00DA59C8 /* Resources */,
				52510BD82C380CBB00DA59C8 /* Managers */,
				52510BD92C380CDE00DA59C8 /* ApiClient */,
				52510BD72C380CA800DA59C8 /* ViewModels */,
				52510BD62C380CA000DA59C8 /* Views */,
				52510BD52C380C9400DA59C8 /* Models */,
				52510BD42C380C8600DA59C8 /* Controllers  */,
				52510BCE2C380A6900DA59C8 /* Info.plist */,
			);
			path = DataStorageTraining;
			sourceTree = "<group>";
		};
		52510BD42C380C8600DA59C8 /* Controllers  */ = {
			isa = PBXGroup;
			children = (
				52510BE12C38171300DA59C8 /* Core */,
			);
			path = "Controllers ";
			sourceTree = "<group>";
		};
		52510BD52C380C9400DA59C8 /* Models */ = {
			isa = PBXGroup;
			children = (
				52510BDB2C38101100DA59C8 /* RMLacation.swift */,
				52510BDD2C38102300DA59C8 /* RMCharacter.swift */,
				52510BDF2C38103200DA59C8 /* RMEpisode.swift */,
			);
			path = Models;
			sourceTree = "<group>";
		};
		52510BD62C380CA000DA59C8 /* Views */ = {
			isa = PBXGroup;
			children = (
			);
			path = Views;
			sourceTree = "<group>";
		};
		52510BD72C380CA800DA59C8 /* ViewModels */ = {
			isa = PBXGroup;
			children = (
			);
			path = ViewModels;
			sourceTree = "<group>";
		};
		52510BD82C380CBB00DA59C8 /* Managers */ = {
			isa = PBXGroup;
			children = (
			);
			path = Managers;
			sourceTree = "<group>";
		};
		52510BD92C380CDE00DA59C8 /* ApiClient */ = {
			isa = PBXGroup;
			children = (
			);
			path = ApiClient;
			sourceTree = "<group>";
		};
		52510BDA2C380CFC00DA59C8 /* Resources */ = {
			isa = PBXGroup;
			children = (
				52510BC02C380A6700DA59C8 /* AppDelegate.swift */,
				52510BC22C380A6700DA59C8 /* SceneDelegate.swift */,
				52510BC92C380A6900DA59C8 /* Assets.xcassets */,
				52510BCB2C380A6900DA59C8 /* LaunchScreen.storyboard */,
			);
			path = Resources;
			sourceTree = "<group>";
		};
		52510BE12C38171300DA59C8 /* Core */ = {
			isa = PBXGroup;
			children = (
				52510BC42C380A6700DA59C8 /* RMTabViewController.swift */,
				52510BE22C39BBB500DA59C8 /* RMCharacterViewController.swift */,
				52510BE42C39BC1600DA59C8 /* RMLocationViewController.swift */,
				52510BE62C39BC2B00DA59C8 /* RMEpisodeViewController.swift */,
				52510BE82C39BC4600DA59C8 /* RMSettingsViewController.swift */,
			);
			path = Core;
			sourceTree = "<group>";
		};
/* End PBXGroup section */

/* Begin PBXNativeTarget section */
		52510BBC2C380A6700DA59C8 /* DataStorageTraining */ = {
			isa = PBXNativeTarget;
			buildConfigurationList = 52510BD12C380A6900DA59C8 /* Build configuration list for PBXNativeTarget "DataStorageTraining" */;
			buildPhases = (
				52510BB92C380A6700DA59C8 /* Sources */,
				52510BBA2C380A6700DA59C8 /* Frameworks */,
				52510BBB2C380A6700DA59C8 /* Resources */,
			);
			buildRules = (
			);
			dependencies = (
			);
			name = DataStorageTraining;
			productName = DataStorageTraining;
			productReference = 52510BBD2C380A6700DA59C8 /* DataStorageTraining.app */;
			productType = "com.apple.product-type.application";
		};
/* End PBXNativeTarget section */

/* Begin PBXProject section */
		52510BB52C380A6700DA59C8 /* Project object */ = {
			isa = PBXProject;
			attributes = {
				BuildIndependentTargetsInParallel = 1;
				LastSwiftUpdateCheck = 1540;
				LastUpgradeCheck = 1540;
				TargetAttributes = {
					52510BBC2C380A6700DA59C8 = {
						CreatedOnToolsVersion = 15.4;
					};
				};
			};
			buildConfigurationList = 52510BB82C380A6700DA59C8 /* Build configuration list for PBXProject "DataStorageTraining" */;
			compatibilityVersion = "Xcode 14.0";
			developmentRegion = en;
			hasScannedForEncodings = 0;
			knownRegions = (
				en,
				Base,
			);
			mainGroup = 52510BB42C380A6700DA59C8;
			productRefGroup = 52510BBE2C380A6700DA59C8 /* Products */;
			projectDirPath = "";
			projectRoot = "";
			targets = (
				52510BBC2C380A6700DA59C8 /* DataStorageTraining */,
			);
		};
/* End PBXProject section */

/* Begin PBXResourcesBuildPhase section */
		52510BBB2C380A6700DA59C8 /* Resources */ = {
			isa = PBXResourcesBuildPhase;
			buildActionMask = 2147483647;
			files = (
				52510BCA2C380A6900DA59C8 /* Assets.xcassets in Resources */,
				52510BCD2C380A6900DA59C8 /* Base in Resources */,
			);
			runOnlyForDeploymentPostprocessing = 0;
		};
/* End PBXResourcesBuildPhase section */

/* Begin PBXSourcesBuildPhase section */
		52510BB92C380A6700DA59C8 /* Sources */ = {
			isa = PBXSourcesBuildPhase;
			buildActionMask = 2147483647;
			files = (
				52510BE52C39BC1600DA59C8 /* RMLocationViewController.swift in Sources */,
				52510BE02C38103200DA59C8 /* RMEpisode.swift in Sources */,
				52510BC52C380A6700DA59C8 /* RMTabViewController.swift in Sources */,
				52510BE72C39BC2B00DA59C8 /* RMEpisodeViewController.swift in Sources */,
				52510BDC2C38101100DA59C8 /* RMLacation.swift in Sources */,
				52510BC12C380A6700DA59C8 /* AppDelegate.swift in Sources */,
				52510BE92C39BC4600DA59C8 /* RMSettingsViewController.swift in Sources */,
				52510BC32C380A6700DA59C8 /* SceneDelegate.swift in Sources */,
				52510BDE2C38102300DA59C8 /* RMCharacter.swift in Sources */,
				52510BE32C39BBB500DA59C8 /* RMCharacterViewController.swift in Sources */,
			);
			runOnlyForDeploymentPostprocessing = 0;
		};
/* End PBXSourcesBuildPhase section */

/* Begin PBXVariantGroup section */
		52510BCB2C380A6900DA59C8 /* LaunchScreen.storyboard */ = {
			isa = PBXVariantGroup;
			children = (
				52510BCC2C380A6900DA59C8 /* Base */,
			);
			name = LaunchScreen.storyboard;
			sourceTree = "<group>";
		};
/* End PBXVariantGroup section */

/* Begin XCBuildConfiguration section */
		52510BCF2C380A6900DA59C8 /* Debug */ = {
			isa = XCBuildConfiguration;
			buildSettings = {
				ALWAYS_SEARCH_USER_PATHS = NO;
				ASSETCATALOG_COMPILER_GENERATE_SWIFT_ASSET_SYMBOL_EXTENSIONS = YES;
				CLANG_ANALYZER_NONNULL = YES;
				CLANG_ANALYZER_NUMBER_OBJECT_CONVERSION = YES_AGGRESSIVE;
				CLANG_CXX_LANGUAGE_STANDARD = "gnu++20";
				CLANG_ENABLE_MODULES = YES;
				CLANG_ENABLE_OBJC_ARC = YES;
				CLANG_ENABLE_OBJC_WEAK = YES;
				CLANG_WARN_BLOCK_CAPTURE_AUTORELEASING = YES;
				CLANG_WARN_BOOL_CONVERSION = YES;
				CLANG_WARN_COMMA = YES;
				CLANG_WARN_CONSTANT_CONVERSION = YES;
				CLANG_WARN_DEPRECATED_OBJC_IMPLEMENTATIONS = YES;
				CLANG_WARN_DIRECT_OBJC_ISA_USAGE = YES_ERROR;
				CLANG_WARN_DOCUMENTATION_COMMENTS = YES;
				CLANG_WARN_EMPTY_BODY = YES;
				CLANG_WARN_ENUM_CONVERSION = YES;
				CLANG_WARN_INFINITE_RECURSION = YES;
				CLANG_WARN_INT_CONVERSION = YES;
				CLANG_WARN_NON_LITERAL_NULL_CONVERSION = YES;
				CLANG_WARN_OBJC_IMPLICIT_RETAIN_SELF = YES;
				CLANG_WARN_OBJC_LITERAL_CONVERSION = YES;
				CLANG_WARN_OBJC_ROOT_CLASS = YES_ERROR;
				CLANG_WARN_QUOTED_INCLUDE_IN_FRAMEWORK_HEADER = YES;
				CLANG_WARN_RANGE_LOOP_ANALYSIS = YES;
				CLANG_WARN_STRICT_PROTOTYPES = YES;
				CLANG_WARN_SUSPICIOUS_MOVE = YES;
				CLANG_WARN_UNGUARDED_AVAILABILITY = YES_AGGRESSIVE;
				CLANG_WARN_UNREACHABLE_CODE = YES;
				CLANG_WARN__DUPLICATE_METHOD_MATCH = YES;
				COPY_PHASE_STRIP = NO;
				DEBUG_INFORMATION_FORMAT = dwarf;
				ENABLE_STRICT_OBJC_MSGSEND = YES;
				ENABLE_TESTABILITY = YES;
				ENABLE_USER_SCRIPT_SANDBOXING = YES;
				GCC_C_LANGUAGE_STANDARD = gnu17;
				GCC_DYNAMIC_NO_PIC = NO;
				GCC_NO_COMMON_BLOCKS = YES;
				GCC_OPTIMIZATION_LEVEL = 0;
				GCC_PREPROCESSOR_DEFINITIONS = (
					"DEBUG=1",
					"$(inherited)",
				);
				GCC_WARN_64_TO_32_BIT_CONVERSION = YES;
				GCC_WARN_ABOUT_RETURN_TYPE = YES_ERROR;
				GCC_WARN_UNDECLARED_SELECTOR = YES;
				GCC_WARN_UNINITIALIZED_AUTOS = YES_AGGRESSIVE;
				GCC_WARN_UNUSED_FUNCTION = YES;
				GCC_WARN_UNUSED_VARIABLE = YES;
				IPHONEOS_DEPLOYMENT_TARGET = 17.5;
				LOCALIZATION_PREFERS_STRING_CATALOGS = YES;
				MTL_ENABLE_DEBUG_INFO = INCLUDE_SOURCE;
				MTL_FAST_MATH = YES;
				ONLY_ACTIVE_ARCH = YES;
				SDKROOT = iphoneos;
				SWIFT_ACTIVE_COMPILATION_CONDITIONS = "DEBUG $(inherited)";
				SWIFT_OPTIMIZATION_LEVEL = "-Onone";
			};
			name = Debug;
		};
		52510BD02C380A6900DA59C8 /* Release */ = {
			isa = XCBuildConfiguration;
			buildSettings = {
				ALWAYS_SEARCH_USER_PATHS = NO;
				ASSETCATALOG_COMPILER_GENERATE_SWIFT_ASSET_SYMBOL_EXTENSIONS = YES;
				CLANG_ANALYZER_NONNULL = YES;
				CLANG_ANALYZER_NUMBER_OBJECT_CONVERSION = YES_AGGRESSIVE;
				CLANG_CXX_LANGUAGE_STANDARD = "gnu++20";
				CLANG_ENABLE_MODULES = YES;
				CLANG_ENABLE_OBJC_ARC = YES;
				CLANG_ENABLE_OBJC_WEAK = YES;
				CLANG_WARN_BLOCK_CAPTURE_AUTORELEASING = YES;
				CLANG_WARN_BOOL_CONVERSION = YES;
				CLANG_WARN_COMMA = YES;
				CLANG_WARN_CONSTANT_CONVERSION = YES;
				CLANG_WARN_DEPRECATED_OBJC_IMPLEMENTATIONS = YES;
				CLANG_WARN_DIRECT_OBJC_ISA_USAGE = YES_ERROR;
				CLANG_WARN_DOCUMENTATION_COMMENTS = YES;
				CLANG_WARN_EMPTY_BODY = YES;
				CLANG_WARN_ENUM_CONVERSION = YES;
				CLANG_WARN_INFINITE_RECURSION = YES;
				CLANG_WARN_INT_CONVERSION = YES;
				CLANG_WARN_NON_LITERAL_NULL_CONVERSION = YES;
				CLANG_WARN_OBJC_IMPLICIT_RETAIN_SELF = YES;
				CLANG_WARN_OBJC_LITERAL_CONVERSION = YES;
				CLANG_WARN_OBJC_ROOT_CLASS = YES_ERROR;
				CLANG_WARN_QUOTED_INCLUDE_IN_FRAMEWORK_HEADER = YES;
				CLANG_WARN_RANGE_LOOP_ANALYSIS = YES;
				CLANG_WARN_STRICT_PROTOTYPES = YES;
				CLANG_WARN_SUSPICIOUS_MOVE = YES;
				CLANG_WARN_UNGUARDED_AVAILABILITY = YES_AGGRESSIVE;
				CLANG_WARN_UNREACHABLE_CODE = YES;
				CLANG_WARN__DUPLICATE_METHOD_MATCH = YES;
				COPY_PHASE_STRIP = NO;
				DEBUG_INFORMATION_FORMAT = "dwarf-with-dsym";
				ENABLE_NS_ASSERTIONS = NO;
				ENABLE_STRICT_OBJC_MSGSEND = YES;
				ENABLE_USER_SCRIPT_SANDBOXING = YES;
				GCC_C_LANGUAGE_STANDARD = gnu17;
				GCC_NO_COMMON_BLOCKS = YES;
				GCC_WARN_64_TO_32_BIT_CONVERSION = YES;
				GCC_WARN_ABOUT_RETURN_TYPE = YES_ERROR;
				GCC_WARN_UNDECLARED_SELECTOR = YES;
				GCC_WARN_UNINITIALIZED_AUTOS = YES_AGGRESSIVE;
				GCC_WARN_UNUSED_FUNCTION = YES;
				GCC_WARN_UNUSED_VARIABLE = YES;
				IPHONEOS_DEPLOYMENT_TARGET = 17.5;
				LOCALIZATION_PREFERS_STRING_CATALOGS = YES;
				MTL_ENABLE_DEBUG_INFO = NO;
				MTL_FAST_MATH = YES;
				SDKROOT = iphoneos;
				SWIFT_COMPILATION_MODE = wholemodule;
				VALIDATE_PRODUCT = YES;
			};
			name = Release;
		};
		52510BD22C380A6900DA59C8 /* Debug */ = {
			isa = XCBuildConfiguration;
			buildSettings = {
				ASSETCATALOG_COMPILER_APPICON_NAME = AppIcon;
				ASSETCATALOG_COMPILER_GLOBAL_ACCENT_COLOR_NAME = AccentColor;
				CODE_SIGN_STYLE = Automatic;
				CURRENT_PROJECT_VERSION = 1;
				GENERATE_INFOPLIST_FILE = YES;
				INFOPLIST_FILE = DataStorageTraining/Info.plist;
				INFOPLIST_KEY_UIApplicationSupportsIndirectInputEvents = YES;
				INFOPLIST_KEY_UILaunchStoryboardName = LaunchScreen;
				INFOPLIST_KEY_UISupportedInterfaceOrientations_iPad = "UIInterfaceOrientationPortrait UIInterfaceOrientationPortraitUpsideDown UIInterfaceOrientationLandscapeLeft UIInterfaceOrientationLandscapeRight";
				INFOPLIST_KEY_UISupportedInterfaceOrientations_iPhone = "UIInterfaceOrientationPortrait UIInterfaceOrientationLandscapeLeft UIInterfaceOrientationLandscapeRight";
				LD_RUNPATH_SEARCH_PATHS = (
					"$(inherited)",
					"@executable_path/Frameworks",
				);
				MARKETING_VERSION = 1.0;
				PRODUCT_BUNDLE_IDENTIFIER = ErtannicS.DataStorageTraining;
				PRODUCT_NAME = "$(TARGET_NAME)";
				SWIFT_EMIT_LOC_STRINGS = YES;
				SWIFT_VERSION = 5.0;
				TARGETED_DEVICE_FAMILY = "1,2";
			};
			name = Debug;
		};
		52510BD32C380A6900DA59C8 /* Release */ = {
			isa = XCBuildConfiguration;
			buildSettings = {
				ASSETCATALOG_COMPILER_APPICON_NAME = AppIcon;
				ASSETCATALOG_COMPILER_GLOBAL_ACCENT_COLOR_NAME = AccentColor;
				CODE_SIGN_STYLE = Automatic;
				CURRENT_PROJECT_VERSION = 1;
				GENERATE_INFOPLIST_FILE = YES;
				INFOPLIST_FILE = DataStorageTraining/Info.plist;
				INFOPLIST_KEY_UIApplicationSupportsIndirectInputEvents = YES;
				INFOPLIST_KEY_UILaunchStoryboardName = LaunchScreen;
				INFOPLIST_KEY_UISupportedInterfaceOrientations_iPad = "UIInterfaceOrientationPortrait UIInterfaceOrientationPortraitUpsideDown UIInterfaceOrientationLandscapeLeft UIInterfaceOrientationLandscapeRight";
				INFOPLIST_KEY_UISupportedInterfaceOrientations_iPhone = "UIInterfaceOrientationPortrait UIInterfaceOrientationLandscapeLeft UIInterfaceOrientationLandscapeRight";
				LD_RUNPATH_SEARCH_PATHS = (
					"$(inherited)",
					"@executable_path/Frameworks",
				);
				MARKETING_VERSION = 1.0;
				PRODUCT_BUNDLE_IDENTIFIER = ErtannicS.DataStorageTraining;
				PRODUCT_NAME = "$(TARGET_NAME)";
				SWIFT_EMIT_LOC_STRINGS = YES;
				SWIFT_VERSION = 5.0;
				TARGETED_DEVICE_FAMILY = "1,2";
			};
			name = Release;
		};
/* End XCBuildConfiguration section */

/* Begin XCConfigurationList section */
		52510BB82C380A6700DA59C8 /* Build configuration list for PBXProject "DataStorageTraining" */ = {
			isa = XCConfigurationList;
			buildConfigurations = (
				52510BCF2C380A6900DA59C8 /* Debug */,
				52510BD02C380A6900DA59C8 /* Release */,
			);
			defaultConfigurationIsVisible = 0;
			defaultConfigurationName = Release;
		};
		52510BD12C380A6900DA59C8 /* Build configuration list for PBXNativeTarget "DataStorageTraining" */ = {
			isa = XCConfigurationList;
			buildConfigurations = (
				52510BD22C380A6900DA59C8 /* Debug */,
				52510BD32C380A6900DA59C8 /* Release */,
			);
			defaultConfigurationIsVisible = 0;
			defaultConfigurationName = Release;
		};
/* End XCConfigurationList section */
	};
	rootObject = 52510BB52C380A6700DA59C8 /* Project object */;
}
